
Microsoft Visual Studio Solution File, Format Version 12.00
# Visual Studio Version 16
VisualStudioVersion = 16.0.29920.165
MinimumVisualStudioVersion = 10.0.40219.1
Project("{FAE04EC0-301F-11D3-BF4B-00C04F79EFBC}") = "ProteinCoverageSummarizer", "ProteinCoverageSummarizer.csproj", "{27958CB4-6AE4-4F9B-8FA9-381DEF2646BF}"
EndProject
Global
	GlobalSection(SolutionConfigurationPlatforms) = preSolution
		Debug|Any CPU = Debug|Any CPU
		Release|Any CPU = Release|Any CPU
	EndGlobalSection
	GlobalSection(ProjectConfigurationPlatforms) = postSolution
		{27958CB4-6AE4-4F9B-8FA9-381DEF2646BF}.Debug|Any CPU.ActiveCfg = Debug|Any CPU
		{27958CB4-6AE4-4F9B-8FA9-381DEF2646BF}.Debug|Any CPU.Build.0 = Debug|Any CPU
		{27958CB4-6AE4-4F9B-8FA9-381DEF2646BF}.Release|Any CPU.ActiveCfg = Release|Any CPU
		{27958CB4-6AE4-4F9B-8FA9-381DEF2646BF}.Release|Any CPU.Build.0 = Release|Any CPU
	EndGlobalSection
	GlobalSection(SolutionProperties) = preSolution
		HideSolutionNode = FALSE
	EndGlobalSection
	GlobalSection(ExtensibilityGlobals) = postSolution
		SolutionGuid = {484A1471-AECD-474C-A9B4-33936DA947D0}
	EndGlobalSection
EndGlobal
